PODS:
  - pjsip (2.9.0.3)
  - YbridOpus (0.8.0)

DEPENDENCIES:
  - pjsip (from `https://github.com/voiceip/cocoapod-pjsip`, branch `g729`)
  - YbridOpus

SPEC REPOS:
  trunk:
    - YbridOpus

EXTERNAL SOURCES:
  pjsip:
    :branch: g729
    :git: https://github.com/voiceip/cocoapod-pjsip

CHECKOUT OPTIONS:
  pjsip:
    :commit: 7eddcc25826333170bc69a3b2fc4a725c7209cec
    :git: https://github.com/voiceip/cocoapod-pjsip

SPEC CHECKSUMS:
  pjsip: 00619cf90b5562f38a5e5ebc3e78aa7a0fb3416e
  YbridOpus: e9af373b9b38acff3702d9a3bd97cae3c232887c

PODFILE CHECKSUM: ec3de4fc2591ea7eda6382b5c1b373579bc62204

COCOAPODS: 1.11.3
