PODS:
  - pjsip (2.9.0.3)
  - YbridOpus (0.8.0)

DEPENDENCIES:
  - pjsip (from `/Volumes/Workspace/code/voice/cocoapod-pjsip`)
  - YbridOpus

SPEC REPOS:
  trunk:
    - YbridOpus

EXTERNAL SOURCES:
  pjsip:
    :path: "/Volumes/Workspace/code/voice/cocoapod-pjsip"

SPEC CHECKSUMS:
  pjsip: 00619cf90b5562f38a5e5ebc3e78aa7a0fb3416e
  YbridOpus: e9af373b9b38acff3702d9a3bd97cae3c232887c

PODFILE CHECKSUM: d64fce811a7ac9e046580f8e03be7356f0c4d2d0

COCOAPODS: 1.11.3
