// !$*UTF8*$!
{
	archiveVersion = 1;
	classes = {
	};
	objectVersion = 52;
	objects = {

/* Begin PBXBuildFile section */
		B3025C2025530D7E00C331CA /* Tinyphone-OC.mm in Sources */ = {isa = PBXBuildFile; fileRef = B3025C1E25530D7E00C331CA /* Tinyphone-OC.mm */; };
		B327CAF32551784A0092FDB7 /* call.cpp in Sources */ = {isa = PBXBuildFile; fileRef = B327CAD2255178480092FDB7 /* call.cpp */; };
		B327CAF52551784A0092FDB7 /* microtar.cpp in Sources */ = {isa = PBXBuildFile; fileRef = B327CAD8255178480092FDB7 /* microtar.cpp */; };
		B327CAF62551784A0092FDB7 /* resource.rc in Resources */ = {isa = PBXBuildFile; fileRef = B327CADA255178480092FDB7 /* resource.rc */; };
		B327CAF82551784A0092FDB7 /* account.cpp in Sources */ = {isa = PBXBuildFile; fileRef = B327CADE255178490092FDB7 /* account.cpp */; };
		B327CAF92551784A0092FDB7 /* config.cpp in Sources */ = {isa = PBXBuildFile; fileRef = B327CAE1255178490092FDB7 /* config.cpp */; };
		B327CAFC2551784A0092FDB7 /* server.cpp in Sources */ = {isa = PBXBuildFile; fileRef = B327CAEC2551784A0092FDB7 /* server.cpp */; };
		B327CAFD2551784A0092FDB7 /* phone.cpp in Sources */ = {isa = PBXBuildFile; fileRef = B327CAED2551784A0092FDB7 /* phone.cpp */; };
		B327CAFE2551784A0092FDB7 /* utils.cpp in Sources */ = {isa = PBXBuildFile; fileRef = B327CAEE2551784A0092FDB7 /* utils.cpp */; };
		B327CAFF2551784A0092FDB7 /* net.cpp in Sources */ = {isa = PBXBuildFile; fileRef = B327CAF02551784A0092FDB7 /* net.cpp */; };
		B327CB032551973A0092FDB7 /* libstatsd_static.a in Frameworks */ = {isa = PBXBuildFile; fileRef = B327CB01255195BD0092FDB7 /* libstatsd_static.a */; };
		B327CB502551A2940092FDB7 /* CoreAudio.framework in Frameworks */ = {isa = PBXBuildFile; fileRef = B327CB4D2551A2940092FDB7 /* CoreAudio.framework */; };
		B327CB522551A2F40092FDB7 /* AudioUnit.framework in Frameworks */ = {isa = PBXBuildFile; fileRef = B327CB512551A2F40092FDB7 /* AudioUnit.framework */; };
		B327CB542551A2FD0092FDB7 /* AudioToolbox.framework in Frameworks */ = {isa = PBXBuildFile; fileRef = B327CB532551A2FD0092FDB7 /* AudioToolbox.framework */; };
		B33839092551D3EF000D6F04 /* osxapp.cpp in Sources */ = {isa = PBXBuildFile; fileRef = B33839082551D3EF000D6F04 /* osxapp.cpp */; };
		B36B645B27E30DB100B011C9 /* libopencore-amrnb.0.dylib in Frameworks */ = {isa = PBXBuildFile; fileRef = B36B645927E30DB000B011C9 /* libopencore-amrnb.0.dylib */; };
		B36B645C27E30DB100B011C9 /* libopencore-amrwb.0.dylib in Frameworks */ = {isa = PBXBuildFile; fileRef = B36B645A27E30DB000B011C9 /* libopencore-amrwb.0.dylib */; };
		B392C7B9255412560068492F /* libcryptopp.dylib in Embed Frameworks */ = {isa = PBXBuildFile; fileRef = B392C7B8255412560068492F /* libcryptopp.dylib */; settings = {ATTRIBUTES = (CodeSignOnCopy, ); }; };
		B39C3B442552C3CE00BBD999 /* libresolv.tbd in Frameworks */ = {isa = PBXBuildFile; fileRef = B39C3B432552C3CE00BBD999 /* libresolv.tbd */; };
		B39C3B4B2552E1E700BBD999 /* AppKit.framework in Frameworks */ = {isa = PBXBuildFile; fileRef = B39C3B4A2552E1E700BBD999 /* AppKit.framework */; };
		B3AD62C827E3174300F6A499 /* boost.xcframework in Frameworks */ = {isa = PBXBuildFile; fileRef = B3B8EE172552A26D00B903D1 /* boost.xcframework */; };
		B3AD62CB27E327C600F6A499 /* libopencore-amrnb.0.dylib in Embed Frameworks */ = {isa = PBXBuildFile; fileRef = B36B645927E30DB000B011C9 /* libopencore-amrnb.0.dylib */; settings = {ATTRIBUTES = (CodeSignOnCopy, ); }; };
		B3AD62CC27E327C600F6A499 /* libopencore-amrwb.0.dylib in Embed Frameworks */ = {isa = PBXBuildFile; fileRef = B36B645A27E30DB000B011C9 /* libopencore-amrwb.0.dylib */; settings = {ATTRIBUTES = (CodeSignOnCopy, ); }; };
		B3B92C3E2568152A0095EF2C /* mod_notify.cpp in Sources */ = {isa = PBXBuildFile; fileRef = B3B92C3D2568152A0095EF2C /* mod_notify.cpp */; };
		B3C9365527E34ED300CE2CDB /* BuildFile in Embed Frameworks */ = {isa = PBXBuildFile; settings = {ATTRIBUTES = (CodeSignOnCopy, RemoveHeadersOnCopy, ); }; };
		B3D53FC92551696600523D5F /* AccountsView.xib in Resources */ = {isa = PBXBuildFile; fileRef = B3D53FC82551696600523D5F /* AccountsView.xib */; };
		B3D53FCC255169CF00523D5F /* AccountsView.swift in Sources */ = {isa = PBXBuildFile; fileRef = B3D53FCB255169CF00523D5F /* AccountsView.swift */; };
		B3D53FCE25516A4200523D5F /* LoadableView.swift in Sources */ = {isa = PBXBuildFile; fileRef = B3D53FCD25516A4200523D5F /* LoadableView.swift */; };
		B3DDA55D25515DF700D269C9 /* AppDelegate.swift in Sources */ = {isa = PBXBuildFile; fileRef = B3DDA55C25515DF700D269C9 /* AppDelegate.swift */; };
		B3DDA55F25515DF700D269C9 /* ViewController.swift in Sources */ = {isa = PBXBuildFile; fileRef = B3DDA55E25515DF700D269C9 /* ViewController.swift */; };
		B3DDA56125515DF900D269C9 /* Assets.xcassets in Resources */ = {isa = PBXBuildFile; fileRef = B3DDA56025515DF900D269C9 /* Assets.xcassets */; };
		B3DDA56425515DF900D269C9 /* Main.storyboard in Resources */ = {isa = PBXBuildFile; fileRef = B3DDA56225515DF900D269C9 /* Main.storyboard */; };
		B3F31832256EC23E00A3B272 /* baseapp.cpp in Sources */ = {isa = PBXBuildFile; fileRef = B3F31831256EC23D00A3B272 /* baseapp.cpp */; };
		C145C4C50401915FBEE05B6D /* Pods_Tinyphone.framework in Frameworks */ = {isa = PBXBuildFile; fileRef = C5DA457C98267B6EC1DF7E93 /* Pods_Tinyphone.framework */; };
/* End PBXBuildFile section */

/* Begin PBXCopyFilesBuildPhase section */
		B327CB0825519E550092FDB7 /* Embed Frameworks */ = {
			isa = PBXCopyFilesBuildPhase;
			buildActionMask = 2147483647;
			dstPath = "";
			dstSubfolderSpec = 10;
			files = (
				B3C9365527E34ED300CE2CDB /* BuildFile in Embed Frameworks */,
				B3AD62CB27E327C600F6A499 /* libopencore-amrnb.0.dylib in Embed Frameworks */,
				B3AD62CC27E327C600F6A499 /* libopencore-amrwb.0.dylib in Embed Frameworks */,
				B392C7B9255412560068492F /* libcryptopp.dylib in Embed Frameworks */,
			);
			name = "Embed Frameworks";
			runOnlyForDeploymentPostprocessing = 0;
		};
/* End PBXCopyFilesBuildPhase section */

/* Begin PBXFileReference section */
		16D8BC54D525754431110FF1 /* Pods-Tinyphone.release.xcconfig */ = {isa = PBXFileReference; includeInIndex = 1; lastKnownFileType = text.xcconfig; name = "Pods-Tinyphone.release.xcconfig"; path = "Target Support Files/Pods-Tinyphone/Pods-Tinyphone.release.xcconfig"; sourceTree = "<group>"; };
		3D7A979CDB9519776336DB6B /* Pods-Tinyphone.debug.xcconfig */ = {isa = PBXFileReference; includeInIndex = 1; lastKnownFileType = text.xcconfig; name = "Pods-Tinyphone.debug.xcconfig"; path = "Target Support Files/Pods-Tinyphone/Pods-Tinyphone.debug.xcconfig"; sourceTree = "<group>"; };
		B3025C1E25530D7E00C331CA /* Tinyphone-OC.mm */ = {isa = PBXFileReference; fileEncoding = 4; lastKnownFileType = sourcecode.cpp.objcpp; path = "Tinyphone-OC.mm"; sourceTree = "<group>"; };
		B3025C1F25530D7E00C331CA /* Tinyphone-OC.hpp */ = {isa = PBXFileReference; fileEncoding = 4; lastKnownFileType = sourcecode.cpp.h; path = "Tinyphone-OC.hpp"; sourceTree = "<group>"; };
		B327CAD0255178470092FDB7 /* Tinyphone-Bridging-Header.h */ = {isa = PBXFileReference; lastKnownFileType = sourcecode.c.h; path = "Tinyphone-Bridging-Header.h"; sourceTree = "<group>"; };
		B327CAD1255178480092FDB7 /* phone.h */ = {isa = PBXFileReference; fileEncoding = 4; lastKnownFileType = sourcecode.c.h; name = phone.h; path = ../../tinyphone/phone.h; sourceTree = "<group>"; };
		B327CAD2255178480092FDB7 /* call.cpp */ = {isa = PBXFileReference; fileEncoding = 4; lastKnownFileType = sourcecode.cpp.cpp; name = call.cpp; path = ../../tinyphone/call.cpp; sourceTree = "<group>"; };
		B327CAD4255178480092FDB7 /* account.h */ = {isa = PBXFileReference; fileEncoding = 4; lastKnownFileType = sourcecode.c.h; name = account.h; path = ../../tinyphone/account.h; sourceTree = "<group>"; };
		B327CAD6255178480092FDB7 /* consts.h */ = {isa = PBXFileReference; fileEncoding = 4; lastKnownFileType = sourcecode.c.h; name = consts.h; path = ../../tinyphone/consts.h; sourceTree = "<group>"; };
		B327CAD7255178480092FDB7 /* events.h */ = {isa = PBXFileReference; fileEncoding = 4; lastKnownFileType = sourcecode.c.h; name = events.h; path = ../../tinyphone/events.h; sourceTree = "<group>"; };
		B327CAD8255178480092FDB7 /* microtar.cpp */ = {isa = PBXFileReference; fileEncoding = 4; lastKnownFileType = sourcecode.cpp.cpp; name = microtar.cpp; path = ../../tinyphone/microtar.cpp; sourceTree = "<group>"; };
		B327CAD9255178480092FDB7 /* net.h */ = {isa = PBXFileReference; fileEncoding = 4; lastKnownFileType = sourcecode.c.h; name = net.h; path = ../../tinyphone/net.h; sourceTree = "<group>"; };
		B327CADA255178480092FDB7 /* resource.rc */ = {isa = PBXFileReference; fileEncoding = 4; lastKnownFileType = text; name = resource.rc; path = ../../tinyphone/resource.rc; sourceTree = "<group>"; };
		B327CADB255178480092FDB7 /* config.h */ = {isa = PBXFileReference; fileEncoding = 4; lastKnownFileType = sourcecode.c.h; name = config.h; path = ../../tinyphone/config.h; sourceTree = "<group>"; };
		B327CADD255178490092FDB7 /* stdafx.h */ = {isa = PBXFileReference; fileEncoding = 4; lastKnownFileType = sourcecode.c.h; name = stdafx.h; path = ../../tinyphone/stdafx.h; sourceTree = "<group>"; };
		B327CADE255178490092FDB7 /* account.cpp */ = {isa = PBXFileReference; fileEncoding = 4; lastKnownFileType = sourcecode.cpp.cpp; name = account.cpp; path = ../../tinyphone/account.cpp; sourceTree = "<group>"; };
		B327CADF255178490092FDB7 /* log.h */ = {isa = PBXFileReference; fileEncoding = 4; lastKnownFileType = sourcecode.c.h; name = log.h; path = ../../tinyphone/log.h; sourceTree = "<group>"; };
		B327CAE0255178490092FDB7 /* microtar.h */ = {isa = PBXFileReference; fileEncoding = 4; lastKnownFileType = sourcecode.c.h; name = microtar.h; path = ../../tinyphone/microtar.h; sourceTree = "<group>"; };
		B327CAE1255178490092FDB7 /* config.cpp */ = {isa = PBXFileReference; fileEncoding = 4; lastKnownFileType = sourcecode.cpp.cpp; name = config.cpp; path = ../../tinyphone/config.cpp; sourceTree = "<group>"; };
		B327CAE2255178490092FDB7 /* json.h */ = {isa = PBXFileReference; fileEncoding = 4; lastKnownFileType = sourcecode.c.h; name = json.h; path = ../../tinyphone/json.h; sourceTree = "<group>"; };
		B327CAE3255178490092FDB7 /* enum.h */ = {isa = PBXFileReference; fileEncoding = 4; lastKnownFileType = sourcecode.c.h; name = enum.h; path = ../../tinyphone/enum.h; sourceTree = "<group>"; };
		B327CAE5255178490092FDB7 /* utils.h */ = {isa = PBXFileReference; fileEncoding = 4; lastKnownFileType = sourcecode.c.h; name = utils.h; path = ../../tinyphone/utils.h; sourceTree = "<group>"; };
		B327CAE6255178490092FDB7 /* call.h */ = {isa = PBXFileReference; fileEncoding = 4; lastKnownFileType = sourcecode.c.h; name = call.h; path = ../../tinyphone/call.h; sourceTree = "<group>"; };
		B327CAE7255178490092FDB7 /* crypt.h */ = {isa = PBXFileReference; fileEncoding = 4; lastKnownFileType = sourcecode.c.h; name = crypt.h; path = ../../tinyphone/crypt.h; sourceTree = "<group>"; };
		B327CAE8255178490092FDB7 /* server.h */ = {isa = PBXFileReference; fileEncoding = 4; lastKnownFileType = sourcecode.c.h; name = server.h; path = ../../tinyphone/server.h; sourceTree = "<group>"; };
		B327CAEA255178490092FDB7 /* channel.h */ = {isa = PBXFileReference; fileEncoding = 4; lastKnownFileType = sourcecode.c.h; name = channel.h; path = ../../tinyphone/channel.h; sourceTree = "<group>"; };
		B327CAEC2551784A0092FDB7 /* server.cpp */ = {isa = PBXFileReference; fileEncoding = 4; lastKnownFileType = sourcecode.cpp.cpp; name = server.cpp; path = ../../tinyphone/server.cpp; sourceTree = "<group>"; };
		B327CAED2551784A0092FDB7 /* phone.cpp */ = {isa = PBXFileReference; fileEncoding = 4; lastKnownFileType = sourcecode.cpp.cpp; name = phone.cpp; path = ../../tinyphone/phone.cpp; sourceTree = "<group>"; };
		B327CAEE2551784A0092FDB7 /* utils.cpp */ = {isa = PBXFileReference; fileEncoding = 4; lastKnownFileType = sourcecode.cpp.cpp; name = utils.cpp; path = ../../tinyphone/utils.cpp; sourceTree = "<group>"; };
		B327CAEF2551784A0092FDB7 /* resource.h */ = {isa = PBXFileReference; fileEncoding = 4; lastKnownFileType = sourcecode.c.h; name = resource.h; path = ../../tinyphone/resource.h; sourceTree = "<group>"; };
		B327CAF02551784A0092FDB7 /* net.cpp */ = {isa = PBXFileReference; fileEncoding = 4; lastKnownFileType = sourcecode.cpp.cpp; name = net.cpp; path = ../../tinyphone/net.cpp; sourceTree = "<group>"; };
		B327CAF12551784A0092FDB7 /* metrics.h */ = {isa = PBXFileReference; fileEncoding = 4; lastKnownFileType = sourcecode.c.h; name = metrics.h; path = ../../tinyphone/metrics.h; sourceTree = "<group>"; };
		B327CB01255195BD0092FDB7 /* libstatsd_static.a */ = {isa = PBXFileReference; lastKnownFileType = archive.ar; name = libstatsd_static.a; path = "../lib/statsd-cpp/build-osx/lib/libstatsd_static.a"; sourceTree = "<group>"; };
		B327CB4B2551A2940092FDB7 /* CoreAudioTypes.framework */ = {isa = PBXFileReference; lastKnownFileType = wrapper.framework; name = CoreAudioTypes.framework; path = System/Library/Frameworks/CoreAudioTypes.framework; sourceTree = SDKROOT; };
		B327CB4C2551A2940092FDB7 /* CoreAudioKit.framework */ = {isa = PBXFileReference; lastKnownFileType = wrapper.framework; name = CoreAudioKit.framework; path = System/Library/Frameworks/CoreAudioKit.framework; sourceTree = SDKROOT; };
		B327CB4D2551A2940092FDB7 /* CoreAudio.framework */ = {isa = PBXFileReference; lastKnownFileType = wrapper.framework; name = CoreAudio.framework; path = System/Library/Frameworks/CoreAudio.framework; sourceTree = SDKROOT; };
		B327CB512551A2F40092FDB7 /* AudioUnit.framework */ = {isa = PBXFileReference; lastKnownFileType = wrapper.framework; name = AudioUnit.framework; path = System/Library/Frameworks/AudioUnit.framework; sourceTree = SDKROOT; };
		B327CB532551A2FD0092FDB7 /* AudioToolbox.framework */ = {isa = PBXFileReference; lastKnownFileType = wrapper.framework; name = AudioToolbox.framework; path = System/Library/Frameworks/AudioToolbox.framework; sourceTree = SDKROOT; };
		B337E2C32554468C001696B7 /* config.json */ = {isa = PBXFileReference; fileEncoding = 4; lastKnownFileType = text.json; name = config.json; path = ../config.json; sourceTree = "<group>"; };
		B33839082551D3EF000D6F04 /* osxapp.cpp */ = {isa = PBXFileReference; lastKnownFileType = sourcecode.cpp.cpp; path = osxapp.cpp; sourceTree = "<group>"; };
		B36B645927E30DB000B011C9 /* libopencore-amrnb.0.dylib */ = {isa = PBXFileReference; lastKnownFileType = "compiled.mach-o.dylib"; name = "libopencore-amrnb.0.dylib"; path = "/usr/local/opt/opencore-amr/lib/libopencore-amrnb.0.dylib"; sourceTree = "<absolute>"; };
		B36B645A27E30DB000B011C9 /* libopencore-amrwb.0.dylib */ = {isa = PBXFileReference; lastKnownFileType = "compiled.mach-o.dylib"; name = "libopencore-amrwb.0.dylib"; path = "/usr/local/opt/opencore-amr/lib/libopencore-amrwb.0.dylib"; sourceTree = "<absolute>"; };
		B392C7B8255412560068492F /* libcryptopp.dylib */ = {isa = PBXFileReference; lastKnownFileType = "compiled.mach-o.dylib"; name = libcryptopp.dylib; path = /usr/local/opt/cryptopp/lib/libcryptopp.dylib; sourceTree = "<absolute>"; };
		B39C3B432552C3CE00BBD999 /* libresolv.tbd */ = {isa = PBXFileReference; lastKnownFileType = "sourcecode.text-based-dylib-definition"; name = libresolv.tbd; path = usr/lib/libresolv.tbd; sourceTree = SDKROOT; };
		B39C3B4A2552E1E700BBD999 /* AppKit.framework */ = {isa = PBXFileReference; lastKnownFileType = wrapper.framework; name = AppKit.framework; path = System/Library/Frameworks/AppKit.framework; sourceTree = SDKROOT; };
		B39C3B562552EF1900BBD999 /* Tinyphone-C-Interface.h */ = {isa = PBXFileReference; fileEncoding = 4; lastKnownFileType = sourcecode.c.h; path = "Tinyphone-C-Interface.h"; sourceTree = "<group>"; };
		B3B8EE172552A26D00B903D1 /* boost.xcframework */ = {isa = PBXFileReference; lastKnownFileType = wrapper.xcframework; name = boost.xcframework; path = vendor/boost/dist/boost.xcframework; sourceTree = "<group>"; };
		B3B92C3C256804BE0095EF2C /* tpendpoint.h */ = {isa = PBXFileReference; fileEncoding = 4; lastKnownFileType = sourcecode.c.h; name = tpendpoint.h; path = ../../tinyphone/tpendpoint.h; sourceTree = "<group>"; };
		B3B92C3D2568152A0095EF2C /* mod_notify.cpp */ = {isa = PBXFileReference; fileEncoding = 4; lastKnownFileType = sourcecode.cpp.cpp; name = mod_notify.cpp; path = ../../tinyphone/mod_notify.cpp; sourceTree = "<group>"; };
		B3D53FC82551696600523D5F /* AccountsView.xib */ = {isa = PBXFileReference; lastKnownFileType = file.xib; path = AccountsView.xib; sourceTree = "<group>"; };
		B3D53FCB255169CF00523D5F /* AccountsView.swift */ = {isa = PBXFileReference; lastKnownFileType = sourcecode.swift; path = AccountsView.swift; sourceTree = "<group>"; };
		B3D53FCD25516A4200523D5F /* LoadableView.swift */ = {isa = PBXFileReference; lastKnownFileType = sourcecode.swift; path = LoadableView.swift; sourceTree = "<group>"; };
		B3DDA55925515DF700D269C9 /* Tinyphone.app */ = {isa = PBXFileReference; explicitFileType = wrapper.application; includeInIndex = 0; path = Tinyphone.app; sourceTree = BUILT_PRODUCTS_DIR; };
		B3DDA55C25515DF700D269C9 /* AppDelegate.swift */ = {isa = PBXFileReference; lastKnownFileType = sourcecode.swift; path = AppDelegate.swift; sourceTree = "<group>"; };
		B3DDA55E25515DF700D269C9 /* ViewController.swift */ = {isa = PBXFileReference; lastKnownFileType = sourcecode.swift; path = ViewController.swift; sourceTree = "<group>"; };
		B3DDA56025515DF900D269C9 /* Assets.xcassets */ = {isa = PBXFileReference; lastKnownFileType = folder.assetcatalog; path = Assets.xcassets; sourceTree = "<group>"; };
		B3DDA56325515DF900D269C9 /* Base */ = {isa = PBXFileReference; lastKnownFileType = file.storyboard; name = Base; path = Base.lproj/Main.storyboard; sourceTree = "<group>"; };
		B3DDA56525515DF900D269C9 /* Info.plist */ = {isa = PBXFileReference; lastKnownFileType = text.plist.xml; path = Info.plist; sourceTree = "<group>"; };
		B3DDA56625515DF900D269C9 /* tinyphone.entitlements */ = {isa = PBXFileReference; lastKnownFileType = text.plist.entitlements; path = tinyphone.entitlements; sourceTree = "<group>"; };
		B3F3182F256EC23100A3B272 /* osxapp.h */ = {isa = PBXFileReference; fileEncoding = 4; lastKnownFileType = sourcecode.c.h; path = osxapp.h; sourceTree = "<group>"; };
		B3F31831256EC23D00A3B272 /* baseapp.cpp */ = {isa = PBXFileReference; fileEncoding = 4; lastKnownFileType = sourcecode.cpp.cpp; name = baseapp.cpp; path = ../../tinyphone/baseapp.cpp; sourceTree = "<group>"; };
		B3F31833256EC2E100A3B272 /* app.hpp */ = {isa = PBXFileReference; fileEncoding = 4; lastKnownFileType = sourcecode.cpp.h; name = app.hpp; path = ../../tinyphone/app.hpp; sourceTree = "<group>"; };
		C5DA457C98267B6EC1DF7E93 /* Pods_Tinyphone.framework */ = {isa = PBXFileReference; explicitFileType = wrapper.framework; includeInIndex = 0; path = Pods_Tinyphone.framework; sourceTree = BUILT_PRODUCTS_DIR; };
/* End PBXFileReference section */

/* Begin PBXFrameworksBuildPhase section */
		B3DDA55625515DF700D269C9 /* Frameworks */ = {
			isa = PBXFrameworksBuildPhase;
			buildActionMask = 2147483647;
			files = (
				B36B645B27E30DB100B011C9 /* libopencore-amrnb.0.dylib in Frameworks */,
				B36B645C27E30DB100B011C9 /* libopencore-amrwb.0.dylib in Frameworks */,
				B39C3B4B2552E1E700BBD999 /* AppKit.framework in Frameworks */,
				B39C3B442552C3CE00BBD999 /* libresolv.tbd in Frameworks */,
				B327CB542551A2FD0092FDB7 /* AudioToolbox.framework in Frameworks */,
				B327CB522551A2F40092FDB7 /* AudioUnit.framework in Frameworks */,
				B3AD62C827E3174300F6A499 /* boost.xcframework in Frameworks */,
				B327CB502551A2940092FDB7 /* CoreAudio.framework in Frameworks */,
				B327CB032551973A0092FDB7 /* libstatsd_static.a in Frameworks */,
				C145C4C50401915FBEE05B6D /* Pods_Tinyphone.framework in Frameworks */,
			);
			runOnlyForDeploymentPostprocessing = 0;
		};
/* End PBXFrameworksBuildPhase section */

/* Begin PBXGroup section */
		9EDB4E7B95299CB02F683BF7 /* Pods */ = {
			isa = PBXGroup;
			children = (
				3D7A979CDB9519776336DB6B /* Pods-Tinyphone.debug.xcconfig */,
				16D8BC54D525754431110FF1 /* Pods-Tinyphone.release.xcconfig */,
			);
			path = Pods;
			sourceTree = "<group>";
		};
		B327CACF255178050092FDB7 /* src */ = {
			isa = PBXGroup;
			children = (
				B3F31833256EC2E100A3B272 /* app.hpp */,
				B3F31831256EC23D00A3B272 /* baseapp.cpp */,
				B3F3182F256EC23100A3B272 /* osxapp.h */,
				B3B92C3D2568152A0095EF2C /* mod_notify.cpp */,
				B3B92C3C256804BE0095EF2C /* tpendpoint.h */,
				B3025C1F25530D7E00C331CA /* Tinyphone-OC.hpp */,
				B3025C1E25530D7E00C331CA /* Tinyphone-OC.mm */,
				B39C3B562552EF1900BBD999 /* Tinyphone-C-Interface.h */,
				B327CADE255178490092FDB7 /* account.cpp */,
				B327CAD4255178480092FDB7 /* account.h */,
				B327CAD2255178480092FDB7 /* call.cpp */,
				B327CAE6255178490092FDB7 /* call.h */,
				B327CAEA255178490092FDB7 /* channel.h */,
				B327CAE1255178490092FDB7 /* config.cpp */,
				B327CADB255178480092FDB7 /* config.h */,
				B327CAD6255178480092FDB7 /* consts.h */,
				B327CAE7255178490092FDB7 /* crypt.h */,
				B327CAE3255178490092FDB7 /* enum.h */,
				B327CAD7255178480092FDB7 /* events.h */,
				B327CAE2255178490092FDB7 /* json.h */,
				B327CADF255178490092FDB7 /* log.h */,
				B327CAF12551784A0092FDB7 /* metrics.h */,
				B327CAD8255178480092FDB7 /* microtar.cpp */,
				B327CAE0255178490092FDB7 /* microtar.h */,
				B327CAF02551784A0092FDB7 /* net.cpp */,
				B327CAD9255178480092FDB7 /* net.h */,
				B327CAED2551784A0092FDB7 /* phone.cpp */,
				B327CAD1255178480092FDB7 /* phone.h */,
				B327CAEF2551784A0092FDB7 /* resource.h */,
				B327CADA255178480092FDB7 /* resource.rc */,
				B327CAEC2551784A0092FDB7 /* server.cpp */,
				B327CAE8255178490092FDB7 /* server.h */,
				B327CADD255178490092FDB7 /* stdafx.h */,
				B327CAEE2551784A0092FDB7 /* utils.cpp */,
				B327CAE5255178490092FDB7 /* utils.h */,
				B327CAD0255178470092FDB7 /* Tinyphone-Bridging-Header.h */,
				B33839082551D3EF000D6F04 /* osxapp.cpp */,
			);
			path = src;
			sourceTree = "<group>";
		};
		B327CB00255195BC0092FDB7 /* Frameworks */ = {
			isa = PBXGroup;
			children = (
				B39C3B4A2552E1E700BBD999 /* AppKit.framework */,
				B39C3B432552C3CE00BBD999 /* libresolv.tbd */,
				B3B8EE172552A26D00B903D1 /* boost.xcframework */,
				B327CB532551A2FD0092FDB7 /* AudioToolbox.framework */,
				B327CB512551A2F40092FDB7 /* AudioUnit.framework */,
				B327CB4D2551A2940092FDB7 /* CoreAudio.framework */,
				B327CB4C2551A2940092FDB7 /* CoreAudioKit.framework */,
				B327CB4B2551A2940092FDB7 /* CoreAudioTypes.framework */,
				B327CB01255195BD0092FDB7 /* libstatsd_static.a */,
				C5DA457C98267B6EC1DF7E93 /* Pods_Tinyphone.framework */,
			);
			name = Frameworks;
			sourceTree = "<group>";
		};
		B3D53FCA2551699600523D5F /* Custom Views */ = {
			isa = PBXGroup;
			children = (
				B3D53FC82551696600523D5F /* AccountsView.xib */,
				B3D53FCB255169CF00523D5F /* AccountsView.swift */,
				B3D53FCD25516A4200523D5F /* LoadableView.swift */,
			);
			path = "Custom Views";
			sourceTree = "<group>";
		};
		B3DDA55025515DF700D269C9 = {
			isa = PBXGroup;
			children = (
				B36B645927E30DB000B011C9 /* libopencore-amrnb.0.dylib */,
				B36B645A27E30DB000B011C9 /* libopencore-amrwb.0.dylib */,
				B337E2C32554468C001696B7 /* config.json */,
				B392C7B8255412560068492F /* libcryptopp.dylib */,
				B327CACF255178050092FDB7 /* src */,
				B3DDA55B25515DF700D269C9 /* tinyphone */,
				B3DDA55A25515DF700D269C9 /* Products */,
				B327CB00255195BC0092FDB7 /* Frameworks */,
				9EDB4E7B95299CB02F683BF7 /* Pods */,
			);
			sourceTree = "<group>";
		};
		B3DDA55A25515DF700D269C9 /* Products */ = {
			isa = PBXGroup;
			children = (
				B3DDA55925515DF700D269C9 /* Tinyphone.app */,
			);
			name = Products;
			sourceTree = "<group>";
		};
		B3DDA55B25515DF700D269C9 /* tinyphone */ = {
			isa = PBXGroup;
			children = (
				B3D53FCA2551699600523D5F /* Custom Views */,
				B3DDA55C25515DF700D269C9 /* AppDelegate.swift */,
				B3DDA55E25515DF700D269C9 /* ViewController.swift */,
				B3DDA56025515DF900D269C9 /* Assets.xcassets */,
				B3DDA56225515DF900D269C9 /* Main.storyboard */,
				B3DDA56525515DF900D269C9 /* Info.plist */,
				B3DDA56625515DF900D269C9 /* tinyphone.entitlements */,
			);
			path = tinyphone;
			sourceTree = "<group>";
		};
/* End PBXGroup section */

/* Begin PBXNativeTarget section */
		B3DDA55825515DF700D269C9 /* Tinyphone */ = {
			isa = PBXNativeTarget;
			buildConfigurationList = B3DDA56925515DF900D269C9 /* Build configuration list for PBXNativeTarget "Tinyphone" */;
			buildPhases = (
				29A7D52E371764FBB29D1F23 /* [CP] Check Pods Manifest.lock */,
				B3DDA55525515DF700D269C9 /* Sources */,
				B3DDA55625515DF700D269C9 /* Frameworks */,
				B3DDA55725515DF700D269C9 /* Resources */,
				B327CB0825519E550092FDB7 /* Embed Frameworks */,
				B392C7A52554035D0068492F /* Run Script */,
				896443F6A4B218BA6302E72F /* [CP] Embed Pods Frameworks */,
			);
			buildRules = (
			);
			dependencies = (
			);
			name = Tinyphone;
			productName = tinyphone;
			productReference = B3DDA55925515DF700D269C9 /* Tinyphone.app */;
			productType = "com.apple.product-type.application";
		};
/* End PBXNativeTarget section */

/* Begin PBXProject section */
		B3DDA55125515DF700D269C9 /* Project object */ = {
			isa = PBXProject;
			attributes = {
				BuildIndependentTargetsInParallel = YES;
				LastSwiftUpdateCheck = 1110;
				LastUpgradeCheck = 1320;
				ORGANIZATIONNAME = "Kinshuk  Bairagi";
				TargetAttributes = {
					B3DDA55825515DF700D269C9 = {
						CreatedOnToolsVersion = 11.1;
						LastSwiftMigration = 1110;
					};
				};
			};
			buildConfigurationList = B3DDA55425515DF700D269C9 /* Build configuration list for PBXProject "Tinyphone" */;
			compatibilityVersion = "Xcode 9.3";
			developmentRegion = en;
			hasScannedForEncodings = 0;
			knownRegions = (
				en,
				Base,
			);
			mainGroup = B3DDA55025515DF700D269C9;
			productRefGroup = B3DDA55A25515DF700D269C9 /* Products */;
			projectDirPath = "";
			projectRoot = "";
			targets = (
				B3DDA55825515DF700D269C9 /* Tinyphone */,
			);
		};
/* End PBXProject section */

/* Begin PBXResourcesBuildPhase section */
		B3DDA55725515DF700D269C9 /* Resources */ = {
			isa = PBXResourcesBuildPhase;
			buildActionMask = 2147483647;
			files = (
				B3DDA56125515DF900D269C9 /* Assets.xcassets in Resources */,
				B3DDA56425515DF900D269C9 /* Main.storyboard in Resources */,
				B327CAF62551784A0092FDB7 /* resource.rc in Resources */,
				B3D53FC92551696600523D5F /* AccountsView.xib in Resources */,
			);
			runOnlyForDeploymentPostprocessing = 0;
		};
/* End PBXResourcesBuildPhase section */

/* Begin PBXShellScriptBuildPhase section */
		29A7D52E371764FBB29D1F23 /* [CP] Check Pods Manifest.lock */ = {
			isa = PBXShellScriptBuildPhase;
			buildActionMask = 2147483647;
			files = (
			);
			inputFileListPaths = (
			);
			inputPaths = (
				"${PODS_PODFILE_DIR_PATH}/Podfile.lock",
				"${PODS_ROOT}/Manifest.lock",
			);
			name = "[CP] Check Pods Manifest.lock";
			outputFileListPaths = (
			);
			outputPaths = (
				"$(DERIVED_FILE_DIR)/Pods-Tinyphone-checkManifestLockResult.txt",
			);
			runOnlyForDeploymentPostprocessing = 0;
			shellPath = /bin/sh;
			shellScript = "diff \"${PODS_PODFILE_DIR_PATH}/Podfile.lock\" \"${PODS_ROOT}/Manifest.lock\" > /dev/null\nif [ $? != 0 ] ; then\n    # print error to STDERR\n    echo \"error: The sandbox is not in sync with the Podfile.lock. Run 'pod install' or update your CocoaPods installation.\" >&2\n    exit 1\nfi\n# This output is used by Xcode 'outputs' to avoid re-running this script phase.\necho \"SUCCESS\" > \"${SCRIPT_OUTPUT_FILE_0}\"\n";
			showEnvVarsInLog = 0;
		};
		896443F6A4B218BA6302E72F /* [CP] Embed Pods Frameworks */ = {
			isa = PBXShellScriptBuildPhase;
			buildActionMask = 2147483647;
			files = (
			);
			inputFileListPaths = (
				"${PODS_ROOT}/Target Support Files/Pods-Tinyphone/Pods-Tinyphone-frameworks-${CONFIGURATION}-input-files.xcfilelist",
			);
			name = "[CP] Embed Pods Frameworks";
			outputFileListPaths = (
				"${PODS_ROOT}/Target Support Files/Pods-Tinyphone/Pods-Tinyphone-frameworks-${CONFIGURATION}-output-files.xcfilelist",
			);
			runOnlyForDeploymentPostprocessing = 0;
			shellPath = /bin/sh;
			shellScript = "\"${PODS_ROOT}/Target Support Files/Pods-Tinyphone/Pods-Tinyphone-frameworks.sh\"\n";
			showEnvVarsInLog = 0;
		};
		B392C7A52554035D0068492F /* Run Script */ = {
			isa = PBXShellScriptBuildPhase;
			buildActionMask = 2147483647;
			files = (
			);
			inputFileListPaths = (
			);
			inputPaths = (
			);
			name = "Run Script";
			outputFileListPaths = (
			);
			outputPaths = (
			);
			runOnlyForDeploymentPostprocessing = 0;
			shellPath = /bin/bash;
			shellScript = "# Type a script or drag a script file from your workspace to insert its path.\nEXECFILE=${BUILT_PRODUCTS_DIR}/${EXECUTABLE_PATH}\ndeclare -a TARGETS=(\"libcryptopp.dylib\"  \"libopencore-amrnb.0.dylib\" \"libopencore-amrwb.0.dylib\") # \"libopus.0.dylib\"\nfor TARGET in \"${TARGETS[@]}\" ; do\necho \"Running for $TARGET\"\nFULLTARGET=`otool -LD ${EXECFILE} | grep $TARGET | awk '{ print $1 }'`\necho $FULLTARGET\ninstall_name_tool -change ${FULLTARGET} \"@rpath/${TARGET}\" ${EXECFILE}\ndone\n";
		};
/* End PBXShellScriptBuildPhase section */

/* Begin PBXSourcesBuildPhase section */
		B3DDA55525515DF700D269C9 /* Sources */ = {
			isa = PBXSourcesBuildPhase;
			buildActionMask = 2147483647;
			files = (
				B327CAFD2551784A0092FDB7 /* phone.cpp in Sources */,
				B3D53FCE25516A4200523D5F /* LoadableView.swift in Sources */,
				B3D53FCC255169CF00523D5F /* AccountsView.swift in Sources */,
				B3DDA55F25515DF700D269C9 /* ViewController.swift in Sources */,
				B327CAFE2551784A0092FDB7 /* utils.cpp in Sources */,
				B327CAFC2551784A0092FDB7 /* server.cpp in Sources */,
				B327CAF82551784A0092FDB7 /* account.cpp in Sources */,
				B33839092551D3EF000D6F04 /* osxapp.cpp in Sources */,
				B3F31832256EC23E00A3B272 /* baseapp.cpp in Sources */,
				B3B92C3E2568152A0095EF2C /* mod_notify.cpp in Sources */,
				B327CAF52551784A0092FDB7 /* microtar.cpp in Sources */,
				B327CAF32551784A0092FDB7 /* call.cpp in Sources */,
				B3DDA55D25515DF700D269C9 /* AppDelegate.swift in Sources */,
				B327CAF92551784A0092FDB7 /* config.cpp in Sources */,
				B3025C2025530D7E00C331CA /* Tinyphone-OC.mm in Sources */,
				B327CAFF2551784A0092FDB7 /* net.cpp in Sources */,
			);
			runOnlyForDeploymentPostprocessing = 0;
		};
/* End PBXSourcesBuildPhase section */

/* Begin PBXVariantGroup section */
		B3DDA56225515DF900D269C9 /* Main.storyboard */ = {
			isa = PBXVariantGroup;
			children = (
				B3DDA56325515DF900D269C9 /* Base */,
			);
			name = Main.storyboard;
			sourceTree = "<group>";
		};
/* End PBXVariantGroup section */

/* Begin XCBuildConfiguration section */
		B3DDA56725515DF900D269C9 /* Debug */ = {
			isa = XCBuildConfiguration;
			buildSettings = {
				ALWAYS_SEARCH_USER_PATHS = NO;
				CLANG_ANALYZER_NONNULL = YES;
				CLANG_ANALYZER_NUMBER_OBJECT_CONVERSION = YES_AGGRESSIVE;
				CLANG_CXX_LANGUAGE_STANDARD = "gnu++14";
				CLANG_CXX_LIBRARY = "libc++";
				CLANG_ENABLE_MODULES = YES;
				CLANG_ENABLE_OBJC_ARC = YES;
				CLANG_ENABLE_OBJC_WEAK = YES;
				CLANG_WARN_BLOCK_CAPTURE_AUTORELEASING = YES;
				CLANG_WARN_BOOL_CONVERSION = YES;
				CLANG_WARN_COMMA = YES;
				CLANG_WARN_CONSTANT_CONVERSION = YES;
				CLANG_WARN_DEPRECATED_OBJC_IMPLEMENTATIONS = YES;
				CLANG_WARN_DIRECT_OBJC_ISA_USAGE = YES_ERROR;
				CLANG_WARN_DOCUMENTATION_COMMENTS = NO;
				CLANG_WARN_EMPTY_BODY = YES;
				CLANG_WARN_ENUM_CONVERSION = YES;
				CLANG_WARN_INFINITE_RECURSION = YES;
				CLANG_WARN_INT_CONVERSION = YES;
				CLANG_WARN_NON_LITERAL_NULL_CONVERSION = YES;
				CLANG_WARN_OBJC_IMPLICIT_RETAIN_SELF = YES;
				CLANG_WARN_OBJC_LITERAL_CONVERSION = YES;
				CLANG_WARN_OBJC_ROOT_CLASS = YES_ERROR;
				CLANG_WARN_QUOTED_INCLUDE_IN_FRAMEWORK_HEADER = YES;
				CLANG_WARN_RANGE_LOOP_ANALYSIS = YES;
				CLANG_WARN_STRICT_PROTOTYPES = YES;
				CLANG_WARN_SUSPICIOUS_MOVE = YES;
				CLANG_WARN_UNGUARDED_AVAILABILITY = YES_AGGRESSIVE;
				CLANG_WARN_UNREACHABLE_CODE = YES;
				CLANG_WARN__DUPLICATE_METHOD_MATCH = YES;
				COPY_PHASE_STRIP = NO;
				DEBUG_INFORMATION_FORMAT = dwarf;
				ENABLE_STRICT_OBJC_MSGSEND = YES;
				ENABLE_TESTABILITY = YES;
				EXCLUDED_ARCHS = arm64;
				GCC_C_LANGUAGE_STANDARD = gnu11;
				GCC_DYNAMIC_NO_PIC = NO;
				GCC_NO_COMMON_BLOCKS = YES;
				GCC_OPTIMIZATION_LEVEL = 0;
				GCC_PREPROCESSOR_DEFINITIONS = (
					"_DEBUG=1",
					"$(inherited)",
				);
				GCC_WARN_64_TO_32_BIT_CONVERSION = YES;
				GCC_WARN_ABOUT_RETURN_TYPE = YES_ERROR;
				GCC_WARN_UNDECLARED_SELECTOR = YES;
				GCC_WARN_UNINITIALIZED_AUTOS = YES_AGGRESSIVE;
				GCC_WARN_UNUSED_FUNCTION = YES;
				GCC_WARN_UNUSED_VARIABLE = YES;
				HEADER_SEARCH_PATHS = (
					/usr/local/opt/cryptopp/include,
					../lib/crow/include,
					../lib/json/include/,
					"/usr/local/opt/boost@1.60/include",
					../lib/pjproject/pjlib/include,
					../lib/pjproject/pjnath/include,
					"../lib/pjproject/pjlib-util/include",
					../lib/pjproject/pjmedia/include,
					../lib/pjproject/pjsip/include,
					../lib/curl/include,
					"../lib/pjproject/pjlib-util/include",
					../lib,
					"../lib/statsd-cpp/include",
					../lib/portaudio/include,
					../lib/spdlog/include,
				);
				LIBRARY_SEARCH_PATHS = /usr/local/lib;
				MACOSX_DEPLOYMENT_TARGET = 10.15;
				MTL_ENABLE_DEBUG_INFO = INCLUDE_SOURCE;
				MTL_FAST_MATH = YES;
				ONLY_ACTIVE_ARCH = YES;
				OTHER_LDFLAGS = (
					"-lcryptopp",
					"-lcurl",
				);
				SDKROOT = macosx;
				SWIFT_ACTIVE_COMPILATION_CONDITIONS = DEBUG;
				SWIFT_OPTIMIZATION_LEVEL = "-Onone";
				TARGETED_DEVICE_FAMILY = 6;
			};
			name = Debug;
		};
		B3DDA56825515DF900D269C9 /* Release */ = {
			isa = XCBuildConfiguration;
			buildSettings = {
				ALWAYS_SEARCH_USER_PATHS = NO;
				CLANG_ANALYZER_NONNULL = YES;
				CLANG_ANALYZER_NUMBER_OBJECT_CONVERSION = YES_AGGRESSIVE;
				CLANG_CXX_LANGUAGE_STANDARD = "gnu++14";
				CLANG_CXX_LIBRARY = "libc++";
				CLANG_ENABLE_MODULES = YES;
				CLANG_ENABLE_OBJC_ARC = YES;
				CLANG_ENABLE_OBJC_WEAK = YES;
				CLANG_WARN_BLOCK_CAPTURE_AUTORELEASING = YES;
				CLANG_WARN_BOOL_CONVERSION = YES;
				CLANG_WARN_COMMA = YES;
				CLANG_WARN_CONSTANT_CONVERSION = YES;
				CLANG_WARN_DEPRECATED_OBJC_IMPLEMENTATIONS = YES;
				CLANG_WARN_DIRECT_OBJC_ISA_USAGE = YES_ERROR;
				CLANG_WARN_DOCUMENTATION_COMMENTS = NO;
				CLANG_WARN_EMPTY_BODY = YES;
				CLANG_WARN_ENUM_CONVERSION = YES;
				CLANG_WARN_INFINITE_RECURSION = YES;
				CLANG_WARN_INT_CONVERSION = YES;
				CLANG_WARN_NON_LITERAL_NULL_CONVERSION = YES;
				CLANG_WARN_OBJC_IMPLICIT_RETAIN_SELF = YES;
				CLANG_WARN_OBJC_LITERAL_CONVERSION = YES;
				CLANG_WARN_OBJC_ROOT_CLASS = YES_ERROR;
				CLANG_WARN_QUOTED_INCLUDE_IN_FRAMEWORK_HEADER = YES;
				CLANG_WARN_RANGE_LOOP_ANALYSIS = YES;
				CLANG_WARN_STRICT_PROTOTYPES = YES;
				CLANG_WARN_SUSPICIOUS_MOVE = YES;
				CLANG_WARN_UNGUARDED_AVAILABILITY = YES_AGGRESSIVE;
				CLANG_WARN_UNREACHABLE_CODE = YES;
				CLANG_WARN__DUPLICATE_METHOD_MATCH = YES;
				COPY_PHASE_STRIP = NO;
				DEBUG_INFORMATION_FORMAT = "dwarf-with-dsym";
				ENABLE_NS_ASSERTIONS = NO;
				ENABLE_STRICT_OBJC_MSGSEND = YES;
				EXCLUDED_ARCHS = arm64;
				GCC_C_LANGUAGE_STANDARD = gnu11;
				GCC_NO_COMMON_BLOCKS = YES;
				GCC_WARN_64_TO_32_BIT_CONVERSION = YES;
				GCC_WARN_ABOUT_RETURN_TYPE = YES_ERROR;
				GCC_WARN_UNDECLARED_SELECTOR = YES;
				GCC_WARN_UNINITIALIZED_AUTOS = YES_AGGRESSIVE;
				GCC_WARN_UNUSED_FUNCTION = YES;
				GCC_WARN_UNUSED_VARIABLE = YES;
				HEADER_SEARCH_PATHS = (
					/usr/local/opt/cryptopp/include,
					../lib/crow/include,
					../lib/json/include/,
					"/usr/local/opt/boost@1.60/include",
					../lib/pjproject/pjlib/include,
					../lib/pjproject/pjnath/include,
					"../lib/pjproject/pjlib-util/include",
					../lib/pjproject/pjmedia/include,
					../lib/pjproject/pjsip/include,
					../lib/curl/include,
					"../lib/pjproject/pjlib-util/include",
					../lib,
					"../lib/statsd-cpp/include",
					../lib/portaudio/include,
					../lib/spdlog/include,
				);
				LIBRARY_SEARCH_PATHS = /usr/local/lib;
				MACOSX_DEPLOYMENT_TARGET = 10.15;
				MTL_ENABLE_DEBUG_INFO = NO;
				MTL_FAST_MATH = YES;
				ONLY_ACTIVE_ARCH = NO;
				OTHER_LDFLAGS = (
					"-lcryptopp",
					"-lcurl",
				);
				SDKROOT = macosx;
				SWIFT_COMPILATION_MODE = wholemodule;
				SWIFT_OPTIMIZATION_LEVEL = "-O";
				TARGETED_DEVICE_FAMILY = 6;
			};
			name = Release;
		};
		B3DDA56A25515DF900D269C9 /* Debug */ = {
			isa = XCBuildConfiguration;
			baseConfigurationReference = 3D7A979CDB9519776336DB6B /* Pods-Tinyphone.debug.xcconfig */;
			buildSettings = {
				ASSETCATALOG_COMPILER_APPICON_NAME = AppIcon;
				CLANG_CXX_LANGUAGE_STANDARD = "c++14";
				CLANG_ENABLE_MODULES = YES;
				CODE_SIGN_ENTITLEMENTS = tinyphone/tinyphone.entitlements;
				CODE_SIGN_IDENTITY = "Apple Development";
				"CODE_SIGN_IDENTITY[sdk=macosx*]" = "Apple Development";
				CODE_SIGN_STYLE = Automatic;
				COMBINE_HIDPI_IMAGES = YES;
				DEVELOPMENT_TEAM = 25JQ655X97;
				GCC_NO_COMMON_BLOCKS = NO;
				GCC_OPTIMIZATION_LEVEL = 0;
				GCC_PREPROCESSOR_DEFINITIONS = (
					"$(inherited)",
					"HAVE_RES_NDESTROY=1",
				);
				INFOPLIST_FILE = tinyphone/Info.plist;
				INFOPLIST_KEY_LSApplicationCategoryType = "public.app-category.utilities";
				LD_RUNPATH_SEARCH_PATHS = (
					"$(inherited)",
					"@executable_path/../Frameworks",
				);
				LIBRARY_SEARCH_PATHS = (
					"../lib/statsd-cpp/build-osx/lib",
					"$(inherited)",
					/usr/local/homebrew/lib/,
					/usr/local/lib,
				);
				MACOSX_DEPLOYMENT_TARGET = 10.15;
				MARKETING_VERSION = 36.0.0.84;
				OTHER_CPLUSPLUSFLAGS = (
					"$(OTHER_CFLAGS)",
					"-DBOOST_SYSTEM_DYN_LINK",
				);
				OTHER_LDFLAGS = (
					"$(inherited)",
					"-lcryptopp",
					"-lcurl",
					"-lpthread",
				);
				PRODUCT_BUNDLE_IDENTIFIER = com.github.voiceip.tphone;
				PRODUCT_NAME = "$(TARGET_NAME)";
				PROVISIONING_PROFILE_SPECIFIER = "";
				SWIFT_OBJC_BRIDGING_HEADER = "src/Tinyphone-Bridging-Header.h";
				SWIFT_OPTIMIZATION_LEVEL = "-Onone";
				SWIFT_VERSION = 5.0;
				TARGETED_DEVICE_FAMILY = 6;
			};
			name = Debug;
		};
		B3DDA56B25515DF900D269C9 /* Release */ = {
			isa = XCBuildConfiguration;
			baseConfigurationReference = 16D8BC54D525754431110FF1 /* Pods-Tinyphone.release.xcconfig */;
			buildSettings = {
				ASSETCATALOG_COMPILER_APPICON_NAME = AppIcon;
				CLANG_CXX_LANGUAGE_STANDARD = "c++14";
				CLANG_ENABLE_MODULES = YES;
				CODE_SIGN_ENTITLEMENTS = tinyphone/tinyphone.entitlements;
				CODE_SIGN_IDENTITY = "Apple Development";
				"CODE_SIGN_IDENTITY[sdk=macosx*]" = "Apple Development";
				CODE_SIGN_STYLE = Automatic;
				COMBINE_HIDPI_IMAGES = YES;
				DEVELOPMENT_TEAM = 25JQ655X97;
				GCC_NO_COMMON_BLOCKS = NO;
				GCC_PREPROCESSOR_DEFINITIONS = (
					"$(inherited)",
					"HAVE_RES_NDESTROY=1",
				);
				INFOPLIST_FILE = tinyphone/Info.plist;
				INFOPLIST_KEY_LSApplicationCategoryType = "public.app-category.utilities";
				LD_RUNPATH_SEARCH_PATHS = (
					"$(inherited)",
					"@executable_path/../Frameworks",
				);
				LIBRARY_SEARCH_PATHS = (
					"../lib/statsd-cpp/build-osx/lib",
					"$(inherited)",
					"/usr/local/opt/opencore-amr/lib",
					/usr/local/lib,
				);
				MACOSX_DEPLOYMENT_TARGET = 10.15;
				MARKETING_VERSION = 36.0.0.84;
				OTHER_CPLUSPLUSFLAGS = (
					"$(OTHER_CFLAGS)",
					"-DBOOST_SYSTEM_DYN_LINK",
				);
				OTHER_LDFLAGS = (
					"$(inherited)",
					"-lcryptopp",
					"-lcurl",
					"-lpthread",
				);
				PRODUCT_BUNDLE_IDENTIFIER = com.github.voiceip.tphone;
				PRODUCT_NAME = "$(TARGET_NAME)";
				PROVISIONING_PROFILE_SPECIFIER = "";
				SWIFT_OBJC_BRIDGING_HEADER = "src/Tinyphone-Bridging-Header.h";
				SWIFT_VERSION = 5.0;
				TARGETED_DEVICE_FAMILY = 6;
			};
			name = Release;
		};
/* End XCBuildConfiguration section */

/* Begin XCConfigurationList section */
		B3DDA55425515DF700D269C9 /* Build configuration list for PBXProject "Tinyphone" */ = {
			isa = XCConfigurationList;
			buildConfigurations = (
				B3DDA56725515DF900D269C9 /* Debug */,
				B3DDA56825515DF900D269C9 /* Release */,
			);
			defaultConfigurationIsVisible = 0;
			defaultConfigurationName = Release;
		};
		B3DDA56925515DF900D269C9 /* Build configuration list for PBXNativeTarget "Tinyphone" */ = {
			isa = XCConfigurationList;
			buildConfigurations = (
				B3DDA56A25515DF900D269C9 /* Debug */,
				B3DDA56B25515DF900D269C9 /* Release */,
			);
			defaultConfigurationIsVisible = 0;
			defaultConfigurationName = Release;
		};
/* End XCConfigurationList section */
	};
	rootObject = B3DDA55125515DF700D269C9 /* Project object */;
}
