<?xml version="1.0" encoding="utf-8"?>
<Project ToolsVersion="4.0" xmlns="http://schemas.microsoft.com/developer/msbuild/2003">
  <ItemGroup>
    <Filter Include="Source Files">
      <UniqueIdentifier>{4FC737F1-C7A5-4376-A066-2A32D752A2FF}</UniqueIdentifier>
      <Extensions>cpp;c;cc;cxx;def;odl;idl;hpj;bat;asm;asmx</Extensions>
    </Filter>
    <Filter Include="Header Files">
      <UniqueIdentifier>{93995380-89BD-4b04-88EB-625FBE52EBFB}</UniqueIdentifier>
      <Extensions>h;hpp;hxx;hm;inl;inc;xsd</Extensions>
    </Filter>
    <Filter Include="Resource Files">
      <UniqueIdentifier>{67DA6AB6-F800-4c08-8B7A-83BB121AAD01}</UniqueIdentifier>
      <Extensions>rc;ico;cur;bmp;dlg;rc2;rct;bin;rgs;gif;jpg;jpeg;jpe;resx;tiff;tif;png;wav</Extensions>
    </Filter>
  </ItemGroup>
  <ItemGroup>
    <ClCompile Include="AccountDlg.cpp">
      <Filter>Source Files</Filter>
    </ClCompile>
    <ClCompile Include="AddDlg.cpp">
      <Filter>Source Files</Filter>
    </ClCompile>
    <ClCompile Include="addons.cpp">
      <Filter>Source Files</Filter>
    </ClCompile>
    <ClCompile Include="BaseDialog.cpp">
      <Filter>Source Files</Filter>
    </ClCompile>
    <ClCompile Include="ButtonDialer.cpp">
      <Filter>Source Files</Filter>
    </ClCompile>
    <ClCompile Include="Calls.cpp">
      <Filter>Source Files</Filter>
    </ClCompile>
    <ClCompile Include="CLevelsSliderCtrl.cpp">
      <Filter>Source Files</Filter>
    </ClCompile>
    <ClCompile Include="CListCtrl_Sortable.cpp">
      <Filter>Source Files</Filter>
    </ClCompile>
    <ClCompile Include="CListCtrl_SortItemsEx.cpp">
      <Filter>Source Files</Filter>
    </ClCompile>
    <ClCompile Include="ClosableTabCtrl.cpp">
      <Filter>Source Files</Filter>
    </ClCompile>
    <ClCompile Include="Contacts.cpp">
      <Filter>Source Files</Filter>
    </ClCompile>
    <ClCompile Include="Crypto.cpp">
      <Filter>Source Files</Filter>
    </ClCompile>
    <ClCompile Include="Dialer.cpp">
      <Filter>Source Files</Filter>
    </ClCompile>
    <ClCompile Include="global.cpp">
      <Filter>Source Files</Filter>
    </ClCompile>
    <ClCompile Include="jumplist.cpp">
      <Filter>Source Files</Filter>
    </ClCompile>
    <ClCompile Include="langpack.cpp">
      <Filter>Source Files</Filter>
    </ClCompile>
    <ClCompile Include="mainDlg.cpp">
      <Filter>Source Files</Filter>
    </ClCompile>
    <ClCompile Include="MessagesDlg.cpp">
      <Filter>Source Files</Filter>
    </ClCompile>
    <ClCompile Include="microsip.cpp">
      <Filter>Source Files</Filter>
    </ClCompile>
    <ClCompile Include="ModelessMessageBox.cpp">
      <Filter>Source Files</Filter>
    </ClCompile>
    <ClCompile Include="Preview.cpp">
      <Filter>Source Files</Filter>
    </ClCompile>
    <ClCompile Include="RinginDlg.cpp">
      <Filter>Source Files</Filter>
    </ClCompile>
    <ClCompile Include="settings.cpp">
      <Filter>Source Files</Filter>
    </ClCompile>
    <ClCompile Include="SettingsDlg.cpp">
      <Filter>Source Files</Filter>
    </ClCompile>
    <ClCompile Include="ShortcutsDlg.cpp">
      <Filter>Source Files</Filter>
    </ClCompile>
    <ClCompile Include="stdafx.cpp">
      <Filter>Source Files</Filter>
    </ClCompile>
    <ClCompile Include="Transfer.cpp">
      <Filter>Source Files</Filter>
    </ClCompile>
    <ClCompile Include="utf.cpp">
      <Filter>Source Files</Filter>
    </ClCompile>
    <ClCompile Include="VisualStylesXP.cpp">
      <Filter>Source Files</Filter>
    </ClCompile>
    <ClCompile Include="IconButton.cpp">
      <Filter>Source Files</Filter>
    </ClCompile>
    <ClCompile Include="CSVFile.cpp">
      <Filter>Source Files</Filter>
    </ClCompile>
    <ClCompile Include="zip.cpp">
      <Filter>Source Files</Filter>
    </ClCompile>
    <ClCompile Include="StdioFileEx.cpp">
      <Filter>Source Files</Filter>
    </ClCompile>
  </ItemGroup>
  <ItemGroup>
    <ClInclude Include="AccountDlg.h">
      <Filter>Header Files</Filter>
    </ClInclude>
    <ClInclude Include="AddDlg.h">
      <Filter>Header Files</Filter>
    </ClInclude>
    <ClInclude Include="addons.h">
      <Filter>Header Files</Filter>
    </ClInclude>
    <ClInclude Include="BaseDialog.h">
      <Filter>Header Files</Filter>
    </ClInclude>
    <ClInclude Include="ButtonDialer.h">
      <Filter>Header Files</Filter>
    </ClInclude>
    <ClInclude Include="Calls.h">
      <Filter>Header Files</Filter>
    </ClInclude>
    <ClInclude Include="CLevelsSliderCtrl.h">
      <Filter>Header Files</Filter>
    </ClInclude>
    <ClInclude Include="CListCtrl_DataModel.h">
      <Filter>Header Files</Filter>
    </ClInclude>
    <ClInclude Include="CListCtrl_Sortable.h">
      <Filter>Header Files</Filter>
    </ClInclude>
    <ClInclude Include="CListCtrl_SortItemsEx.h">
      <Filter>Header Files</Filter>
    </ClInclude>
    <ClInclude Include="ClosableTabCtrl.h">
      <Filter>Header Files</Filter>
    </ClInclude>
    <ClInclude Include="const.h">
      <Filter>Header Files</Filter>
    </ClInclude>
    <ClInclude Include="Contacts.h">
      <Filter>Header Files</Filter>
    </ClInclude>
    <ClInclude Include="Crypto.h">
      <Filter>Header Files</Filter>
    </ClInclude>
    <ClInclude Include="define.h">
      <Filter>Header Files</Filter>
    </ClInclude>
    <ClInclude Include="Dialer.h">
      <Filter>Header Files</Filter>
    </ClInclude>
    <ClInclude Include="global.h">
      <Filter>Header Files</Filter>
    </ClInclude>
    <ClInclude Include="jumplist.h">
      <Filter>Header Files</Filter>
    </ClInclude>
    <ClInclude Include="langpack.h">
      <Filter>Header Files</Filter>
    </ClInclude>
    <ClInclude Include="mainDlg.h">
      <Filter>Header Files</Filter>
    </ClInclude>
    <ClInclude Include="MessagesDlg.h">
      <Filter>Header Files</Filter>
    </ClInclude>
    <ClInclude Include="microsip.h">
      <Filter>Header Files</Filter>
    </ClInclude>
    <ClInclude Include="MMNotificationClient.h">
      <Filter>Header Files</Filter>
    </ClInclude>
    <ClInclude Include="ModelessMessageBox.h">
      <Filter>Header Files</Filter>
    </ClInclude>
    <ClInclude Include="Preview.h">
      <Filter>Header Files</Filter>
    </ClInclude>
    <ClInclude Include="Resource.h">
      <Filter>Header Files</Filter>
    </ClInclude>
    <ClInclude Include="RinginDlg.h">
      <Filter>Header Files</Filter>
    </ClInclude>
    <ClInclude Include="settings.h">
      <Filter>Header Files</Filter>
    </ClInclude>
    <ClInclude Include="SettingsDlg.h">
      <Filter>Header Files</Filter>
    </ClInclude>
    <ClInclude Include="ShortcutsDlg.h">
      <Filter>Header Files</Filter>
    </ClInclude>
    <ClInclude Include="stdafx.h">
      <Filter>Header Files</Filter>
    </ClInclude>
    <ClInclude Include="targetver.h">
      <Filter>Header Files</Filter>
    </ClInclude>
    <ClInclude Include="Transfer.h">
      <Filter>Header Files</Filter>
    </ClInclude>
    <ClInclude Include="utf.h">
      <Filter>Header Files</Filter>
    </ClInclude>
    <ClInclude Include="VisualStylesXP.h">
      <Filter>Header Files</Filter>
    </ClInclude>
    <ClInclude Include="IconButton.h">
      <Filter>Header Files</Filter>
    </ClInclude>
    <ClInclude Include="CSVFile.h">
      <Filter>Header Files</Filter>
    </ClInclude>
    <ClInclude Include="StdioFileEx.h">
      <Filter>Header Files</Filter>
    </ClInclude>
  </ItemGroup>
  <ItemGroup>
    <Image Include="res\active.ico">
      <Filter>Resource Files</Filter>
    </Image>
    <Image Include="res\away.ico">
      <Filter>Resource Files</Filter>
    </Image>
    <Image Include="res\blank.ico">
      <Filter>Resource Files</Filter>
    </Image>
    <Image Include="res\busy.ico">
      <Filter>Resource Files</Filter>
    </Image>
    <Image Include="res\callin.ico">
      <Filter>Resource Files</Filter>
    </Image>
    <Image Include="res\callmiss.ico">
      <Filter>Resource Files</Filter>
    </Image>
    <Image Include="res\callout.ico">
      <Filter>Resource Files</Filter>
    </Image>
    <Image Include="res\close.ico">
      <Filter>Resource Files</Filter>
    </Image>
    <Image Include="res\close2.ico">
      <Filter>Resource Files</Filter>
    </Image>
    <Image Include="res\error.ico">
      <Filter>Resource Files</Filter>
    </Image>
    <Image Include="res\exit.ico">
      <Filter>Resource Files</Filter>
    </Image>
    <Image Include="res\icon1.ico">
      <Filter>Resource Files</Filter>
    </Image>
    <Image Include="res\icon2.ico">
      <Filter>Resource Files</Filter>
    </Image>
    <Image Include="res\inactive.ico">
      <Filter>Resource Files</Filter>
    </Image>
    <Image Include="res\microsip.ico">
      <Filter>Resource Files</Filter>
    </Image>
    <Image Include="res\offline.ico">
      <Filter>Resource Files</Filter>
    </Image>
    <Image Include="res\online.ico">
      <Filter>Resource Files</Filter>
    </Image>
    <Image Include="res\ringing.ico">
      <Filter>Resource Files</Filter>
    </Image>
    <Image Include="res\toolbar1.bmp">
      <Filter>Resource Files</Filter>
    </Image>
    <Image Include="res\unknown.ico">
      <Filter>Resource Files</Filter>
    </Image>
  </ItemGroup>
  <ItemGroup>
    <None Include="res\dialog.rc2">
      <Filter>Resource Files</Filter>
    </None>
    <None Include="res\main.rc2">
      <Filter>Resource Files</Filter>
    </None>
    <None Include="res\menu.rc2">
      <Filter>Resource Files</Filter>
    </None>
    <None Include="ClassDiagram1.cd" />
    <None Include="StatusBar.htm" />
  </ItemGroup>
  <ItemGroup>
    <ResourceCompile Include="main.rc">
      <Filter>Resource Files</Filter>
    </ResourceCompile>
  </ItemGroup>
  <ItemGroup>
    <Media Include="res\Ringin.wav">
      <Filter>Resource Files</Filter>
    </Media>
    <Media Include="res\Ringin2.wav">
      <Filter>Resource Files</Filter>
    </Media>
    <Media Include="res\Ringout.wav">
      <Filter>Resource Files</Filter>
    </Media>
  </ItemGroup>
  <ItemGroup>
    <Text Include="ReadMe.txt" />
  </ItemGroup>
</Project>